// !$*UTF8*$!
{
	archiveVersion = 1;
	classes = {
	};
	objectVersion = 46;
	objects = {

/* Begin PBXBuildFile section */
		7E481CB01C798C5D00999092 /* AppDelegate.swift in Sources */ = {isa = PBXBuildFile; fileRef = 7E481CAF1C798C5D00999092 /* AppDelegate.swift */; };
		7E481CB21C798C5D00999092 /* ViewController.swift in Sources */ = {isa = PBXBuildFile; fileRef = 7E481CB11C798C5D00999092 /* ViewController.swift */; };
		7E481CB51C798C5D00999092 /* Main.storyboard in Resources */ = {isa = PBXBuildFile; fileRef = 7E481CB31C798C5D00999092 /* Main.storyboard */; };
		7E481CB71C798C5D00999092 /* Assets.xcassets in Resources */ = {isa = PBXBuildFile; fileRef = 7E481CB61C798C5D00999092 /* Assets.xcassets */; };
		7E481CBA1C798C5D00999092 /* LaunchScreen.storyboard in Resources */ = {isa = PBXBuildFile; fileRef = 7E481CB81C798C5D00999092 /* LaunchScreen.storyboard */; };
		7E481CC21C798E0A00999092 /* MailboxViewController.swift in Sources */ = {isa = PBXBuildFile; fileRef = 7E481CC11C798E0A00999092 /* MailboxViewController.swift */; };
/* End PBXBuildFile section */

/* Begin PBXFileReference section */
		7E481CAC1C798C5D00999092 /* mailbox.app */ = {isa = PBXFileReference; explicitFileType = wrapper.application; includeInIndex = 0; path = mailbox.app; sourceTree = BUILT_PRODUCTS_DIR; };
		7E481CAF1C798C5D00999092 /* AppDelegate.swift */ = {isa = PBXFileReference; lastKnownFileType = sourcecode.swift; path = AppDelegate.swift; sourceTree = "<group>"; };
		7E481CB11C798C5D00999092 /* ViewController.swift */ = {isa = PBXFileReference; lastKnownFileType = sourcecode.swift; path = ViewController.swift; sourceTree = "<group>"; };
		7E481CB41C798C5D00999092 /* Base */ = {isa = PBXFileReference; lastKnownFileType = file.storyboard; name = Base; path = Base.lproj/Main.storyboard; sourceTree = "<group>"; };
		7E481CB61C798C5D00999092 /* Assets.xcassets */ = {isa = PBXFileReference; lastKnownFileType = folder.assetcatalog; path = Assets.xcassets; sourceTree = "<group>"; };
		7E481CB91C798C5D00999092 /* Base */ = {isa = PBXFileReference; lastKnownFileType = file.storyboard; name = Base; path = Base.lproj/LaunchScreen.storyboard; sourceTree = "<group>"; };
		7E481CBB1C798C5D00999092 /* Info.plist */ = {isa = PBXFileReference; lastKnownFileType = text.plist.xml; path = Info.plist; sourceTree = "<group>"; };
		7E481CC11C798E0A00999092 /* MailboxViewController.swift */ = {isa = PBXFileReference; fileEncoding = 4; lastKnownFileType = sourcecode.swift; path = MailboxViewController.swift; sourceTree = "<group>"; };
/* End PBXFileReference section */

/* Begin PBXFrameworksBuildPhase section */
		7E481CA91C798C5D00999092 /* Frameworks */ = {
			isa = PBXFrameworksBuildPhase;
			buildActionMask = 2147483647;
			files = (
			);
			runOnlyForDeploymentPostprocessing = 0;
		};
/* End PBXFrameworksBuildPhase section */

/* Begin PBXGroup section */
		7E481CA31C798C5C00999092 = {
			isa = PBXGroup;
			children = (
				7E481CAE1C798C5D00999092 /* mailbox */,
				7E481CAD1C798C5D00999092 /* Products */,
			);
			sourceTree = "<group>";
		};
		7E481CAD1C798C5D00999092 /* Products */ = {
			isa = PBXGroup;
			children = (
				7E481CAC1C798C5D00999092 /* mailbox.app */,
			);
			name = Products;
			sourceTree = "<group>";
		};
		7E481CAE1C798C5D00999092 /* mailbox */ = {
			isa = PBXGroup;
			children = (
				7E481CAF1C798C5D00999092 /* AppDelegate.swift */,
				7E481CB11C798C5D00999092 /* ViewController.swift */,
				7E481CB31C798C5D00999092 /* Main.storyboard */,
				7E481CC11C798E0A00999092 /* MailboxViewController.swift */,
				7E481CB61C798C5D00999092 /* Assets.xcassets */,
				7E481CB81C798C5D00999092 /* LaunchScreen.storyboard */,
				7E481CBB1C798C5D00999092 /* Info.plist */,
			);
			path = mailbox;
			sourceTree = "<group>";
		};
/* End PBXGroup section */

/* Begin PBXNativeTarget section */
		7E481CAB1C798C5D00999092 /* mailbox */ = {
			isa = PBXNativeTarget;
			buildConfigurationList = 7E481CBE1C798C5D00999092 /* Build configuration list for PBXNativeTarget "mailbox" */;
			buildPhases = (
				7E481CA81C798C5D00999092 /* Sources */,
				7E481CA91C798C5D00999092 /* Frameworks */,
				7E481CAA1C798C5D00999092 /* Resources */,
			);
			buildRules = (
			);
			dependencies = (
			);
			name = mailbox;
			productName = mailbox;
			productReference = 7E481CAC1C798C5D00999092 /* mailbox.app */;
			productType = "com.apple.product-type.application";
		};
/* End PBXNativeTarget section */

/* Begin PBXProject section */
		7E481CA41C798C5C00999092 /* Project object */ = {
			isa = PBXProject;
			attributes = {
				LastSwiftUpdateCheck = 0720;
				LastUpgradeCheck = 0720;
				ORGANIZATIONNAME = emmaguo;
				TargetAttributes = {
					7E481CAB1C798C5D00999092 = {
						CreatedOnToolsVersion = 7.2.1;
						DevelopmentTeam = 8DCN22V7EM;
					};
				};
			};
			buildConfigurationList = 7E481CA71C798C5C00999092 /* Build configuration list for PBXProject "mailbox" */;
			compatibilityVersion = "Xcode 3.2";
			developmentRegion = English;
			hasScannedForEncodings = 0;
			knownRegions = (
				en,
				Base,
			);
			mainGroup = 7E481CA31C798C5C00999092;
			productRefGroup = 7E481CAD1C798C5D00999092 /* Products */;
			projectDirPath = "";
			projectRoot = "";
			targets = (
				7E481CAB1C798C5D00999092 /* mailbox */,
			);
		};
/* End PBXProject section */

/* Begin PBXResourcesBuildPhase section */
		7E481CAA1C798C5D00999092 /* Resources */ = {
			isa = PBXResourcesBuildPhase;
			buildActionMask = 2147483647;
			files = (
				7E481CBA1C798C5D00999092 /* LaunchScreen.storyboard in Resources */,
				7E481CB71C798C5D00999092 /* Assets.xcassets in Resources */,
				7E481CB51C798C5D00999092 /* Main.storyboard in Resources */,
			);
			runOnlyForDeploymentPostprocessing = 0;
		};
/* End PBXResourcesBuildPhase section */

/* Begin PBXSourcesBuildPhase section */
		7E481CA81C798C5D00999092 /* Sources */ = {
			isa = PBXSourcesBuildPhase;
			buildActionMask = 2147483647;
			files = (
				7E481CB21C798C5D00999092 /* ViewController.swift in Sources */,
				7E481CB01C798C5D00999092 /* AppDelegate.swift in Sources */,
				7E481CC21C798E0A00999092 /* MailboxViewController.swift in Sources */,
			);
			runOnlyForDeploymentPostprocessing = 0;
		};
/* End PBXSourcesBuildPhase section */

/* Begin PBXVariantGroup section */
		7E481CB31C798C5D00999092 /* Main.storyboard */ = {
			isa = PBXVariantGroup;
			children = (
				7E481CB41C798C5D00999092 /* Base */,
			);
			name = Main.storyboard;
			sourceTree = "<group>";
		};
		7E481CB81C798C5D00999092 /* LaunchScreen.storyboard */ = {
			isa = PBXVariantGroup;
			children = (
				7E481CB91C798C5D00999092 /* Base */,
			);
			name = LaunchScreen.storyboard;
			sourceTree = "<group>";
		};
/* End PBXVariantGroup section */

/* Begin XCBuildConfiguration section */
		7E481CBC1C798C5D00999092 /* Debug */ = {
			isa = XCBuildConfiguration;
			buildSettings = {
				ALWAYS_SEARCH_USER_PATHS = NO;
				CLANG_CXX_LANGUAGE_STANDARD = "gnu++0x";
				CLANG_CXX_LIBRARY = "libc++";
				CLANG_ENABLE_MODULES = YES;
				CLANG_ENABLE_OBJC_ARC = YES;
				CLANG_WARN_BOOL_CONVERSION = YES;
				CLANG_WARN_CONSTANT_CONVERSION = YES;
				CLANG_WARN_DIRECT_OBJC_ISA_USAGE = YES_ERROR;
				CLANG_WARN_EMPTY_BODY = YES;
				CLANG_WARN_ENUM_CONVERSION = YES;
				CLANG_WARN_INT_CONVERSION = YES;
				CLANG_WARN_OBJC_ROOT_CLASS = YES_ERROR;
				CLANG_WARN_UNREACHABLE_CODE = YES;
				CLANG_WARN__DUPLICATE_METHOD_MATCH = YES;
				"CODE_SIGN_IDENTITY[sdk=iphoneos*]" = "iPhone Developer";
				COPY_PHASE_STRIP = NO;
				DEBUG_INFORMATION_FORMAT = dwarf;
				ENABLE_STRICT_OBJC_MSGSEND = YES;
				ENABLE_TESTABILITY = YES;
				GCC_C_LANGUAGE_STANDARD = gnu99;
				GCC_DYNAMIC_NO_PIC = NO;
				GCC_NO_COMMON_BLOCKS = YES;
				GCC_OPTIMIZATION_LEVEL = 0;
				GCC_PREPROCESSOR_DEFINITIONS = (
					"DEBUG=1",
					"$(inherited)",
				);
				GCC_WARN_64_TO_32_BIT_CONVERSION = YES;
				GCC_WARN_ABOUT_RETURN_TYPE = YES_ERROR;
				GCC_WARN_UNDECLARED_SELECTOR = YES;
				GCC_WARN_UNINITIALIZED_AUTOS = YES_AGGRESSIVE;
				GCC_WARN_UNUSED_FUNCTION = YES;
				GCC_WARN_UNUSED_VARIABLE = YES;
				IPHONEOS_DEPLOYMENT_TARGET = 9.2;
				MTL_ENABLE_DEBUG_INFO = YES;
				ONLY_ACTIVE_ARCH = YES;
				SDKROOT = iphoneos;
				SWIFT_OPTIMIZATION_LEVEL = "-Onone";
			};
			name = Debug;
		};
		7E481CBD1C798C5D00999092 /* Release */ = {
			isa = XCBuildConfiguration;
			buildSettings = {
				ALWAYS_SEARCH_USER_PATHS = NO;
				CLANG_CXX_LANGUAGE_STANDARD = "gnu++0x";
				CLANG_CXX_LIBRARY = "libc++";
				CLANG_ENABLE_MODULES = YES;
				CLANG_ENABLE_OBJC_ARC = YES;
				CLANG_WARN_BOOL_CONVERSION = YES;
				CLANG_WARN_CONSTANT_CONVERSION = YES;
				CLANG_WARN_DIRECT_OBJC_ISA_USAGE = YES_ERROR;
				CLANG_WARN_EMPTY_BODY = YES;
				CLANG_WARN_ENUM_CONVERSION = YES;
				CLANG_WARN_INT_CONVERSION = YES;
				CLANG_WARN_OBJC_ROOT_CLASS = YES_ERROR;
				CLANG_WARN_UNREACHABLE_CODE = YES;
				CLANG_WARN__DUPLICATE_METHOD_MATCH = YES;
				"CODE_SIGN_IDENTITY[sdk=iphoneos*]" = "iPhone Developer";
				COPY_PHASE_STRIP = NO;
				DEBUG_INFORMATION_FORMAT = "dwarf-with-dsym";
				ENABLE_NS_ASSERTIONS = NO;
				ENABLE_STRICT_OBJC_MSGSEND = YES;
				GCC_C_LANGUAGE_STANDARD = gnu99;
				GCC_NO_COMMON_BLOCKS = YES;
				GCC_WARN_64_TO_32_BIT_CONVERSION = YES;
				GCC_WARN_ABOUT_RETURN_TYPE = YES_ERROR;
				GCC_WARN_UNDECLARED_SELECTOR = YES;
				GCC_WARN_UNINITIALIZED_AUTOS = YES_AGGRESSIVE;
				GCC_WARN_UNUSED_FUNCTION = YES;
				GCC_WARN_UNUSED_VARIABLE = YES;
				IPHONEOS_DEPLOYMENT_TARGET = 9.2;
				MTL_ENABLE_DEBUG_INFO = NO;
				SDKROOT = iphoneos;
				VALIDATE_PRODUCT = YES;
			};
			name = Release;
		};
		7E481CBF1C798C5D00999092 /* Debug */ = {
			isa = XCBuildConfiguration;
			buildSettings = {
				ASSETCATALOG_COMPILER_APPICON_NAME = AppIcon;
				INFOPLIST_FILE = mailbox/Info.plist;
				LD_RUNPATH_SEARCH_PATHS = "$(inherited) @executable_path/Frameworks";
				PRODUCT_BUNDLE_IDENTIFIER = com.github.emmaguo.mailbox;
				PRODUCT_NAME = "$(TARGET_NAME)";
			};
			name = Debug;
		};
		7E481CC01C798C5D00999092 /* Release */ = {
			isa = XCBuildConfiguration;
			buildSettings = {
				ASSETCATALOG_COMPILER_APPICON_NAME = AppIcon;
				INFOPLIST_FILE = mailbox/Info.plist;
				LD_RUNPATH_SEARCH_PATHS = "$(inherited) @executable_path/Frameworks";
				PRODUCT_BUNDLE_IDENTIFIER = com.github.emmaguo.mailbox;
				PRODUCT_NAME = "$(TARGET_NAME)";
			};
			name = Release;
		};
/* End XCBuildConfiguration section */

/* Begin XCConfigurationList section */
		7E481CA71C798C5C00999092 /* Build configuration list for PBXProject "mailbox" */ = {
			isa = XCConfigurationList;
			buildConfigurations = (
				7E481CBC1C798C5D00999092 /* Debug */,
				7E481CBD1C798C5D00999092 /* Release */,
			);
			defaultConfigurationIsVisible = 0;
			defaultConfigurationName = Release;
		};
		7E481CBE1C798C5D00999092 /* Build configuration list for PBXNativeTarget "mailbox" */ = {
			isa = XCConfigurationList;
			buildConfigurations = (
				7E481CBF1C798C5D00999092 /* Debug */,
				7E481CC01C798C5D00999092 /* Release */,
			);
			defaultConfigurationIsVisible = 0;
			defaultConfigurationName = Release;
		};
/* End XCConfigurationList section */
	};
	rootObject = 7E481CA41C798C5C00999092 /* Project object */;
}
